// !$*UTF8*$!
{
	archiveVersion = 1;
	classes = {
	};
	objectVersion = 50;
	objects = {

/* Begin PBXBuildFile section */
		14ED897290F37AC215E079DF /* Pods_TinderClone.framework in Frameworks */ = {isa = PBXBuildFile; fileRef = 81E4D977E7BE33AC25F96E2F /* Pods_TinderClone.framework */; };
		A10721AF2264DDF700ADD42D /* SettingsController.swift in Sources */ = {isa = PBXBuildFile; fileRef = A10721AE2264DDF700ADD42D /* SettingsController.swift */; };
		A10721B12264DE7E00ADD42D /* CustomImagePickerController.swift in Sources */ = {isa = PBXBuildFile; fileRef = A10721B02264DE7E00ADD42D /* CustomImagePickerController.swift */; };
		A10721B32264E38E00ADD42D /* SettingsCell.swift in Sources */ = {isa = PBXBuildFile; fileRef = A10721B22264E38E00ADD42D /* SettingsCell.swift */; };
		A11719C322637116009DCC7B /* RegistrationViewModel.swift in Sources */ = {isa = PBXBuildFile; fileRef = A11719C222637116009DCC7B /* RegistrationViewModel.swift */; };
		A144D5D42268B5D90076C09F /* Constant.swift in Sources */ = {isa = PBXBuildFile; fileRef = A144D5D32268B5D90076C09F /* Constant.swift */; };
		A144D5D62268CA680076C09F /* PhotoController.swift in Sources */ = {isa = PBXBuildFile; fileRef = A144D5D52268CA680076C09F /* PhotoController.swift */; };
		A15D4B8F225F7C4A00911CCB /* AppDelegate.swift in Sources */ = {isa = PBXBuildFile; fileRef = A15D4B8E225F7C4A00911CCB /* AppDelegate.swift */; };
		A15D4B91225F7C4A00911CCB /* HomeController.swift in Sources */ = {isa = PBXBuildFile; fileRef = A15D4B90225F7C4A00911CCB /* HomeController.swift */; };
		A15D4B94225F7C4A00911CCB /* Main.storyboard in Resources */ = {isa = PBXBuildFile; fileRef = A15D4B92225F7C4A00911CCB /* Main.storyboard */; };
		A15D4B96225F7C4B00911CCB /* Assets.xcassets in Resources */ = {isa = PBXBuildFile; fileRef = A15D4B95225F7C4B00911CCB /* Assets.xcassets */; };
		A15D4B99225F7C4B00911CCB /* LaunchScreen.storyboard in Resources */ = {isa = PBXBuildFile; fileRef = A15D4B97225F7C4B00911CCB /* LaunchScreen.storyboard */; };
		A15D4BA5225F7CD700911CCB /* UIView+Additions.swift in Sources */ = {isa = PBXBuildFile; fileRef = A15D4BA4225F7CD700911CCB /* UIView+Additions.swift */; };
		A15D4BA7225F7D8200911CCB /* HomeTopStackView.swift in Sources */ = {isa = PBXBuildFile; fileRef = A15D4BA6225F7D8200911CCB /* HomeTopStackView.swift */; };
		A15D4BA9225F7D9600911CCB /* HomeBottomStackView.swift in Sources */ = {isa = PBXBuildFile; fileRef = A15D4BA8225F7D9600911CCB /* HomeBottomStackView.swift */; };
		A15D4BAB225F898400911CCB /* CardView.swift in Sources */ = {isa = PBXBuildFile; fileRef = A15D4BAA225F898400911CCB /* CardView.swift */; };
		A18114222262371100F1864E /* RegistrationController.swift in Sources */ = {isa = PBXBuildFile; fileRef = A18114212262371100F1864E /* RegistrationController.swift */; };
		A18114242262375300F1864E /* CustomTextField.swift in Sources */ = {isa = PBXBuildFile; fileRef = A18114232262375300F1864E /* CustomTextField.swift */; };
		A19C1098226627C800C8526E /* AgeRangeCell.swift in Sources */ = {isa = PBXBuildFile; fileRef = A19C1097226627C800C8526E /* AgeRangeCell.swift */; };
		A19C109B22662EC200C8526E /* UserService.swift in Sources */ = {isa = PBXBuildFile; fileRef = A19C109A22662EC200C8526E /* UserService.swift */; };
		A19C109D22663F9600C8526E /* LoginController.swift in Sources */ = {isa = PBXBuildFile; fileRef = A19C109C22663F9600C8526E /* LoginController.swift */; };
		A19C109F22663FB300C8526E /* LoginViewModel.swift in Sources */ = {isa = PBXBuildFile; fileRef = A19C109E22663FB300C8526E /* LoginViewModel.swift */; };
		A1A7328422676ACA00831B1C /* UserDetailsController.swift in Sources */ = {isa = PBXBuildFile; fileRef = A1A7328322676ACA00831B1C /* UserDetailsController.swift */; };
		A1A73286226786BA00831B1C /* UserDetailCell.swift in Sources */ = {isa = PBXBuildFile; fileRef = A1A73285226786BA00831B1C /* UserDetailCell.swift */; };
		A1A732882267947500831B1C /* SwipingPhotosController.swift in Sources */ = {isa = PBXBuildFile; fileRef = A1A732872267947500831B1C /* SwipingPhotosController.swift */; };
		A1BB62D42260D5460006FD5D /* User.swift in Sources */ = {isa = PBXBuildFile; fileRef = A1BB62D32260D5460006FD5D /* User.swift */; };
		A1BB62D82260E9290006FD5D /* CardViewModel.swift in Sources */ = {isa = PBXBuildFile; fileRef = A1BB62D72260E9290006FD5D /* CardViewModel.swift */; };
		A1E432BE2263807700C873E5 /* GoogleService-Info.plist in Resources */ = {isa = PBXBuildFile; fileRef = A1E432BD2263807700C873E5 /* GoogleService-Info.plist */; };
		A1E432C12263850F00C873E5 /* Bindable.swift in Sources */ = {isa = PBXBuildFile; fileRef = A1E432C02263850F00C873E5 /* Bindable.swift */; };
		A1FE487D226B99270066DC08 /* MatchView.swift in Sources */ = {isa = PBXBuildFile; fileRef = A1FE487C226B99270066DC08 /* MatchView.swift */; };
/* End PBXBuildFile section */

/* Begin PBXFileReference section */
		81E4D977E7BE33AC25F96E2F /* Pods_TinderClone.framework */ = {isa = PBXFileReference; explicitFileType = wrapper.framework; includeInIndex = 0; path = Pods_TinderClone.framework; sourceTree = BUILT_PRODUCTS_DIR; };
		9FFDA167A357E0A4E0B28659 /* Pods-TinderClone.debug.xcconfig */ = {isa = PBXFileReference; includeInIndex = 1; lastKnownFileType = text.xcconfig; name = "Pods-TinderClone.debug.xcconfig"; path = "Pods/Target Support Files/Pods-TinderClone/Pods-TinderClone.debug.xcconfig"; sourceTree = "<group>"; };
		A10721AE2264DDF700ADD42D /* SettingsController.swift */ = {isa = PBXFileReference; lastKnownFileType = sourcecode.swift; path = SettingsController.swift; sourceTree = "<group>"; };
		A10721B02264DE7E00ADD42D /* CustomImagePickerController.swift */ = {isa = PBXFileReference; lastKnownFileType = sourcecode.swift; path = CustomImagePickerController.swift; sourceTree = "<group>"; };
		A10721B22264E38E00ADD42D /* SettingsCell.swift */ = {isa = PBXFileReference; lastKnownFileType = sourcecode.swift; path = SettingsCell.swift; sourceTree = "<group>"; };
		A11719C222637116009DCC7B /* RegistrationViewModel.swift */ = {isa = PBXFileReference; lastKnownFileType = sourcecode.swift; path = RegistrationViewModel.swift; sourceTree = "<group>"; };
		A144D5D32268B5D90076C09F /* Constant.swift */ = {isa = PBXFileReference; lastKnownFileType = sourcecode.swift; path = Constant.swift; sourceTree = "<group>"; };
		A144D5D52268CA680076C09F /* PhotoController.swift */ = {isa = PBXFileReference; lastKnownFileType = sourcecode.swift; path = PhotoController.swift; sourceTree = "<group>"; };
		A15D4B8B225F7C4A00911CCB /* TinderClone.app */ = {isa = PBXFileReference; explicitFileType = wrapper.application; includeInIndex = 0; path = TinderClone.app; sourceTree = BUILT_PRODUCTS_DIR; };
		A15D4B8E225F7C4A00911CCB /* AppDelegate.swift */ = {isa = PBXFileReference; lastKnownFileType = sourcecode.swift; path = AppDelegate.swift; sourceTree = "<group>"; };
		A15D4B90225F7C4A00911CCB /* HomeController.swift */ = {isa = PBXFileReference; lastKnownFileType = sourcecode.swift; path = HomeController.swift; sourceTree = "<group>"; };
		A15D4B93225F7C4A00911CCB /* Base */ = {isa = PBXFileReference; lastKnownFileType = file.storyboard; name = Base; path = Base.lproj/Main.storyboard; sourceTree = "<group>"; };
		A15D4B95225F7C4B00911CCB /* Assets.xcassets */ = {isa = PBXFileReference; lastKnownFileType = folder.assetcatalog; path = Assets.xcassets; sourceTree = "<group>"; };
		A15D4B98225F7C4B00911CCB /* Base */ = {isa = PBXFileReference; lastKnownFileType = file.storyboard; name = Base; path = Base.lproj/LaunchScreen.storyboard; sourceTree = "<group>"; };
		A15D4B9A225F7C4B00911CCB /* Info.plist */ = {isa = PBXFileReference; lastKnownFileType = text.plist.xml; path = Info.plist; sourceTree = "<group>"; };
		A15D4BA4225F7CD700911CCB /* UIView+Additions.swift */ = {isa = PBXFileReference; fileEncoding = 4; lastKnownFileType = sourcecode.swift; path = "UIView+Additions.swift"; sourceTree = "<group>"; };
		A15D4BA6225F7D8200911CCB /* HomeTopStackView.swift */ = {isa = PBXFileReference; lastKnownFileType = sourcecode.swift; path = HomeTopStackView.swift; sourceTree = "<group>"; };
		A15D4BA8225F7D9600911CCB /* HomeBottomStackView.swift */ = {isa = PBXFileReference; lastKnownFileType = sourcecode.swift; path = HomeBottomStackView.swift; sourceTree = "<group>"; };
		A15D4BAA225F898400911CCB /* CardView.swift */ = {isa = PBXFileReference; lastKnownFileType = sourcecode.swift; path = CardView.swift; sourceTree = "<group>"; };
		A18114212262371100F1864E /* RegistrationController.swift */ = {isa = PBXFileReference; lastKnownFileType = sourcecode.swift; path = RegistrationController.swift; sourceTree = "<group>"; };
		A18114232262375300F1864E /* CustomTextField.swift */ = {isa = PBXFileReference; lastKnownFileType = sourcecode.swift; path = CustomTextField.swift; sourceTree = "<group>"; };
		A19C1097226627C800C8526E /* AgeRangeCell.swift */ = {isa = PBXFileReference; lastKnownFileType = sourcecode.swift; path = AgeRangeCell.swift; sourceTree = "<group>"; };
		A19C109A22662EC200C8526E /* UserService.swift */ = {isa = PBXFileReference; lastKnownFileType = sourcecode.swift; path = UserService.swift; sourceTree = "<group>"; };
		A19C109C22663F9600C8526E /* LoginController.swift */ = {isa = PBXFileReference; lastKnownFileType = sourcecode.swift; path = LoginController.swift; sourceTree = "<group>"; };
		A19C109E22663FB300C8526E /* LoginViewModel.swift */ = {isa = PBXFileReference; lastKnownFileType = sourcecode.swift; path = LoginViewModel.swift; sourceTree = "<group>"; };
		A1A7328322676ACA00831B1C /* UserDetailsController.swift */ = {isa = PBXFileReference; lastKnownFileType = sourcecode.swift; path = UserDetailsController.swift; sourceTree = "<group>"; };
		A1A73285226786BA00831B1C /* UserDetailCell.swift */ = {isa = PBXFileReference; lastKnownFileType = sourcecode.swift; path = UserDetailCell.swift; sourceTree = "<group>"; };
		A1A732872267947500831B1C /* SwipingPhotosController.swift */ = {isa = PBXFileReference; lastKnownFileType = sourcecode.swift; path = SwipingPhotosController.swift; sourceTree = "<group>"; };
		A1BB62D32260D5460006FD5D /* User.swift */ = {isa = PBXFileReference; lastKnownFileType = sourcecode.swift; path = User.swift; sourceTree = "<group>"; };
		A1BB62D72260E9290006FD5D /* CardViewModel.swift */ = {isa = PBXFileReference; lastKnownFileType = sourcecode.swift; path = CardViewModel.swift; sourceTree = "<group>"; };
		A1E432BD2263807700C873E5 /* GoogleService-Info.plist */ = {isa = PBXFileReference; fileEncoding = 4; lastKnownFileType = text.plist.xml; path = "GoogleService-Info.plist"; sourceTree = "<group>"; };
		A1E432C02263850F00C873E5 /* Bindable.swift */ = {isa = PBXFileReference; lastKnownFileType = sourcecode.swift; path = Bindable.swift; sourceTree = "<group>"; };
		A1FE487C226B99270066DC08 /* MatchView.swift */ = {isa = PBXFileReference; lastKnownFileType = sourcecode.swift; path = MatchView.swift; sourceTree = "<group>"; };
		BCC15DDEA777BABDF9326C96 /* Pods-TinderClone.release.xcconfig */ = {isa = PBXFileReference; includeInIndex = 1; lastKnownFileType = text.xcconfig; name = "Pods-TinderClone.release.xcconfig"; path = "Pods/Target Support Files/Pods-TinderClone/Pods-TinderClone.release.xcconfig"; sourceTree = "<group>"; };
/* End PBXFileReference section */

/* Begin PBXFrameworksBuildPhase section */
		A15D4B88225F7C4A00911CCB /* Frameworks */ = {
			isa = PBXFrameworksBuildPhase;
			buildActionMask = 2147483647;
			files = (
				14ED897290F37AC215E079DF /* Pods_TinderClone.framework in Frameworks */,
			);
			runOnlyForDeploymentPostprocessing = 0;
		};
/* End PBXFrameworksBuildPhase section */

/* Begin PBXGroup section */
		9A9991B64863F4C80E83693F /* Frameworks */ = {
			isa = PBXGroup;
			children = (
				81E4D977E7BE33AC25F96E2F /* Pods_TinderClone.framework */,
			);
			name = Frameworks;
			sourceTree = "<group>";
		};
		A15D4B82225F7C4A00911CCB = {
			isa = PBXGroup;
			children = (
				A15D4B8D225F7C4A00911CCB /* TinderClone */,
				A15D4B8C225F7C4A00911CCB /* Products */,
				F62455A23BDC9090F0439D3D /* Pods */,
				9A9991B64863F4C80E83693F /* Frameworks */,
			);
			sourceTree = "<group>";
		};
		A15D4B8C225F7C4A00911CCB /* Products */ = {
			isa = PBXGroup;
			children = (
				A15D4B8B225F7C4A00911CCB /* TinderClone.app */,
			);
			name = Products;
			sourceTree = "<group>";
		};
		A15D4B8D225F7C4A00911CCB /* TinderClone */ = {
			isa = PBXGroup;
			children = (
				A1E432BF226384E900C873E5 /* Utils */,
				A15D4BA1225F7C7200911CCB /* Extensions */,
				A19C109922662EB100C8526E /* Services */,
				A1BB62D22260D5340006FD5D /* Models */,
				A15D4BA0225F7C6500911CCB /* Views */,
				A1BB62D62260E90E0006FD5D /* ViewModels */,
				A1BB62D52260E8DE0006FD5D /* Controllers */,
				A15D4B8E225F7C4A00911CCB /* AppDelegate.swift */,
				A15D4B92225F7C4A00911CCB /* Main.storyboard */,
				A15D4B95225F7C4B00911CCB /* Assets.xcassets */,
				A15D4B97225F7C4B00911CCB /* LaunchScreen.storyboard */,
				A15D4B9A225F7C4B00911CCB /* Info.plist */,
				A1E432BD2263807700C873E5 /* GoogleService-Info.plist */,
			);
			path = TinderClone;
			sourceTree = "<group>";
		};
		A15D4BA0225F7C6500911CCB /* Views */ = {
			isa = PBXGroup;
			children = (
				A15D4BA6225F7D8200911CCB /* HomeTopStackView.swift */,
				A15D4BA8225F7D9600911CCB /* HomeBottomStackView.swift */,
				A15D4BAA225F898400911CCB /* CardView.swift */,
				A10721B02264DE7E00ADD42D /* CustomImagePickerController.swift */,
				A10721B22264E38E00ADD42D /* SettingsCell.swift */,
				A18114232262375300F1864E /* CustomTextField.swift */,
				A19C1097226627C800C8526E /* AgeRangeCell.swift */,
				A1A732872267947500831B1C /* SwipingPhotosController.swift */,
				A144D5D52268CA680076C09F /* PhotoController.swift */,
				A1FE487C226B99270066DC08 /* MatchView.swift */,
			);
			path = Views;
			sourceTree = "<group>";
		};
		A15D4BA1225F7C7200911CCB /* Extensions */ = {
			isa = PBXGroup;
			children = (
				A15D4BA4225F7CD700911CCB /* UIView+Additions.swift */,
			);
			path = Extensions;
			sourceTree = "<group>";
		};
		A19C109922662EB100C8526E /* Services */ = {
			isa = PBXGroup;
			children = (
				A19C109A22662EC200C8526E /* UserService.swift */,
			);
			path = Services;
			sourceTree = "<group>";
		};
		A1BB62D22260D5340006FD5D /* Models */ = {
			isa = PBXGroup;
			children = (
				A1BB62D32260D5460006FD5D /* User.swift */,
			);
			path = Models;
			sourceTree = "<group>";
		};
		A1BB62D52260E8DE0006FD5D /* Controllers */ = {
			isa = PBXGroup;
			children = (
				A15D4B90225F7C4A00911CCB /* HomeController.swift */,
				A18114212262371100F1864E /* RegistrationController.swift */,
				A10721AE2264DDF700ADD42D /* SettingsController.swift */,
				A19C109C22663F9600C8526E /* LoginController.swift */,
				A1A7328322676ACA00831B1C /* UserDetailsController.swift */,
			);
			path = Controllers;
			sourceTree = "<group>";
		};
		A1BB62D62260E90E0006FD5D /* ViewModels */ = {
			isa = PBXGroup;
			children = (
				A1BB62D72260E9290006FD5D /* CardViewModel.swift */,
				A11719C222637116009DCC7B /* RegistrationViewModel.swift */,
				A19C109E22663FB300C8526E /* LoginViewModel.swift */,
				A1A73285226786BA00831B1C /* UserDetailCell.swift */,
			);
			path = ViewModels;
			sourceTree = "<group>";
		};
		A1E432BF226384E900C873E5 /* Utils */ = {
			isa = PBXGroup;
			children = (
				A1E432C02263850F00C873E5 /* Bindable.swift */,
				A144D5D32268B5D90076C09F /* Constant.swift */,
			);
			path = Utils;
			sourceTree = "<group>";
		};
		F62455A23BDC9090F0439D3D /* Pods */ = {
			isa = PBXGroup;
			children = (
				9FFDA167A357E0A4E0B28659 /* Pods-TinderClone.debug.xcconfig */,
				BCC15DDEA777BABDF9326C96 /* Pods-TinderClone.release.xcconfig */,
			);
			name = Pods;
			sourceTree = "<group>";
		};
/* End PBXGroup section */

/* Begin PBXNativeTarget section */
		A15D4B8A225F7C4A00911CCB /* TinderClone */ = {
			isa = PBXNativeTarget;
			buildConfigurationList = A15D4B9D225F7C4B00911CCB /* Build configuration list for PBXNativeTarget "TinderClone" */;
			buildPhases = (
				AC7B253637507017BF27DA9A /* [CP] Check Pods Manifest.lock */,
				A15D4B87225F7C4A00911CCB /* Sources */,
				A15D4B88225F7C4A00911CCB /* Frameworks */,
				A15D4B89225F7C4A00911CCB /* Resources */,
				E8C6CBD36509C856B83E1103 /* [CP] Embed Pods Frameworks */,
			);
			buildRules = (
			);
			dependencies = (
			);
			name = TinderClone;
			productName = TinderClone;
			productReference = A15D4B8B225F7C4A00911CCB /* TinderClone.app */;
			productType = "com.apple.product-type.application";
		};
/* End PBXNativeTarget section */

/* Begin PBXProject section */
		A15D4B83225F7C4A00911CCB /* Project object */ = {
			isa = PBXProject;
			attributes = {
				LastSwiftUpdateCheck = 1020;
				LastUpgradeCheck = 1020;
				ORGANIZATIONNAME = YouSS;
				TargetAttributes = {
					A15D4B8A225F7C4A00911CCB = {
						CreatedOnToolsVersion = 10.2;
					};
				};
			};
			buildConfigurationList = A15D4B86225F7C4A00911CCB /* Build configuration list for PBXProject "TinderClone" */;
			compatibilityVersion = "Xcode 9.3";
			developmentRegion = en;
			hasScannedForEncodings = 0;
			knownRegions = (
				en,
				Base,
			);
			mainGroup = A15D4B82225F7C4A00911CCB;
			productRefGroup = A15D4B8C225F7C4A00911CCB /* Products */;
			projectDirPath = "";
			projectRoot = "";
			targets = (
				A15D4B8A225F7C4A00911CCB /* TinderClone */,
			);
		};
/* End PBXProject section */

/* Begin PBXResourcesBuildPhase section */
		A15D4B89225F7C4A00911CCB /* Resources */ = {
			isa = PBXResourcesBuildPhase;
			buildActionMask = 2147483647;
			files = (
				A15D4B99225F7C4B00911CCB /* LaunchScreen.storyboard in Resources */,
				A1E432BE2263807700C873E5 /* GoogleService-Info.plist in Resources */,
				A15D4B96225F7C4B00911CCB /* Assets.xcassets in Resources */,
				A15D4B94225F7C4A00911CCB /* Main.storyboard in Resources */,
			);
			runOnlyForDeploymentPostprocessing = 0;
		};
/* End PBXResourcesBuildPhase section */

/* Begin PBXShellScriptBuildPhase section */
		AC7B253637507017BF27DA9A /* [CP] Check Pods Manifest.lock */ = {
			isa = PBXShellScriptBuildPhase;
			buildActionMask = 2147483647;
			files = (
			);
			inputPaths = (
				"${PODS_PODFILE_DIR_PATH}/Podfile.lock",
				"${PODS_ROOT}/Manifest.lock",
			);
			name = "[CP] Check Pods Manifest.lock";
			outputPaths = (
				"$(DERIVED_FILE_DIR)/Pods-TinderClone-checkManifestLockResult.txt",
			);
			runOnlyForDeploymentPostprocessing = 0;
			shellPath = /bin/sh;
			shellScript = "diff \"${PODS_PODFILE_DIR_PATH}/Podfile.lock\" \"${PODS_ROOT}/Manifest.lock\" > /dev/null\nif [ $? != 0 ] ; then\n    # print error to STDERR\n    echo \"error: The sandbox is not in sync with the Podfile.lock. Run 'pod install' or update your CocoaPods installation.\" >&2\n    exit 1\nfi\n# This output is used by Xcode 'outputs' to avoid re-running this script phase.\necho \"SUCCESS\" > \"${SCRIPT_OUTPUT_FILE_0}\"\n";
			showEnvVarsInLog = 0;
		};
		E8C6CBD36509C856B83E1103 /* [CP] Embed Pods Frameworks */ = {
			isa = PBXShellScriptBuildPhase;
			buildActionMask = 2147483647;
			files = (
			);
			inputPaths = (
				"${SRCROOT}/Pods/Target Support Files/Pods-TinderClone/Pods-TinderClone-frameworks.sh",
				"${BUILT_PRODUCTS_DIR}/BoringSSL-GRPC/openssl_grpc.framework",
				"${BUILT_PRODUCTS_DIR}/GTMSessionFetcher/GTMSessionFetcher.framework",
				"${BUILT_PRODUCTS_DIR}/GoogleUtilities/GoogleUtilities.framework",
				"${BUILT_PRODUCTS_DIR}/JGProgressHUD/JGProgressHUD.framework",
				"${BUILT_PRODUCTS_DIR}/Protobuf/Protobuf.framework",
				"${BUILT_PRODUCTS_DIR}/SDWebImage/SDWebImage.framework",
				"${BUILT_PRODUCTS_DIR}/gRPC-C++/grpcpp.framework",
				"${BUILT_PRODUCTS_DIR}/gRPC-Core/grpc.framework",
				"${BUILT_PRODUCTS_DIR}/leveldb-library/leveldb.framework",
				"${BUILT_PRODUCTS_DIR}/nanopb/nanopb.framework",
			);
			name = "[CP] Embed Pods Frameworks";
			outputPaths = (
				"${TARGET_BUILD_DIR}/${FRAMEWORKS_FOLDER_PATH}/openssl_grpc.framework",
				"${TARGET_BUILD_DIR}/${FRAMEWORKS_FOLDER_PATH}/GTMSessionFetcher.framework",
				"${TARGET_BUILD_DIR}/${FRAMEWORKS_FOLDER_PATH}/GoogleUtilities.framework",
				"${TARGET_BUILD_DIR}/${FRAMEWORKS_FOLDER_PATH}/JGProgressHUD.framework",
				"${TARGET_BUILD_DIR}/${FRAMEWORKS_FOLDER_PATH}/Protobuf.framework",
				"${TARGET_BUILD_DIR}/${FRAMEWORKS_FOLDER_PATH}/SDWebImage.framework",
				"${TARGET_BUILD_DIR}/${FRAMEWORKS_FOLDER_PATH}/grpcpp.framework",
				"${TARGET_BUILD_DIR}/${FRAMEWORKS_FOLDER_PATH}/grpc.framework",
				"${TARGET_BUILD_DIR}/${FRAMEWORKS_FOLDER_PATH}/leveldb.framework",
				"${TARGET_BUILD_DIR}/${FRAMEWORKS_FOLDER_PATH}/nanopb.framework",
			);
			runOnlyForDeploymentPostprocessing = 0;
			shellPath = /bin/sh;
			shellScript = "\"${SRCROOT}/Pods/Target Support Files/Pods-TinderClone/Pods-TinderClone-frameworks.sh\"\n";
			showEnvVarsInLog = 0;
		};
/* End PBXShellScriptBuildPhase section */

/* Begin PBXSourcesBuildPhase section */
		A15D4B87225F7C4A00911CCB /* Sources */ = {
			isa = PBXSourcesBuildPhase;
			buildActionMask = 2147483647;
			files = (
				A15D4BA9225F7D9600911CCB /* HomeBottomStackView.swift in Sources */,
				A10721AF2264DDF700ADD42D /* SettingsController.swift in Sources */,
				A11719C322637116009DCC7B /* RegistrationViewModel.swift in Sources */,
				A1E432C12263850F00C873E5 /* Bindable.swift in Sources */,
				A10721B12264DE7E00ADD42D /* CustomImagePickerController.swift in Sources */,
				A18114222262371100F1864E /* RegistrationController.swift in Sources */,
				A1FE487D226B99270066DC08 /* MatchView.swift in Sources */,
				A144D5D62268CA680076C09F /* PhotoController.swift in Sources */,
				A1A73286226786BA00831B1C /* UserDetailCell.swift in Sources */,
				A19C109B22662EC200C8526E /* UserService.swift in Sources */,
				A1A7328422676ACA00831B1C /* UserDetailsController.swift in Sources */,
				A15D4BA5225F7CD700911CCB /* UIView+Additions.swift in Sources */,
				A144D5D42268B5D90076C09F /* Constant.swift in Sources */,
				A19C1098226627C800C8526E /* AgeRangeCell.swift in Sources */,
				A15D4B91225F7C4A00911CCB /* HomeController.swift in Sources */,
				A18114242262375300F1864E /* CustomTextField.swift in Sources */,
				A15D4BA7225F7D8200911CCB /* HomeTopStackView.swift in Sources */,
				A1BB62D82260E9290006FD5D /* CardViewModel.swift in Sources */,
				A19C109D22663F9600C8526E /* LoginController.swift in Sources */,
				A15D4BAB225F898400911CCB /* CardView.swift in Sources */,
				A15D4B8F225F7C4A00911CCB /* AppDelegate.swift in Sources */,
				A1BB62D42260D5460006FD5D /* User.swift in Sources */,
				A19C109F22663FB300C8526E /* LoginViewModel.swift in Sources */,
				A1A732882267947500831B1C /* SwipingPhotosController.swift in Sources */,
				A10721B32264E38E00ADD42D /* SettingsCell.swift in Sources */,
			);
			runOnlyForDeploymentPostprocessing = 0;
		};
/* End PBXSourcesBuildPhase section */

/* Begin PBXVariantGroup section */
		A15D4B92225F7C4A00911CCB /* Main.storyboard */ = {
			isa = PBXVariantGroup;
			children = (
				A15D4B93225F7C4A00911CCB /* Base */,
			);
			name = Main.storyboard;
			sourceTree = "<group>";
		};
		A15D4B97225F7C4B00911CCB /* LaunchScreen.storyboard */ = {
			isa = PBXVariantGroup;
			children = (
				A15D4B98225F7C4B00911CCB /* Base */,
			);
			name = LaunchScreen.storyboard;
			sourceTree = "<group>";
		};
/* End PBXVariantGroup section */

/* Begin XCBuildConfiguration section */
		A15D4B9B225F7C4B00911CCB /* Debug */ = {
			isa = XCBuildConfiguration;
			buildSettings = {
				ALWAYS_SEARCH_USER_PATHS = NO;
				CLANG_ANALYZER_NONNULL = YES;
				CLANG_ANALYZER_NUMBER_OBJECT_CONVERSION = YES_AGGRESSIVE;
				CLANG_CXX_LANGUAGE_STANDARD = "gnu++14";
				CLANG_CXX_LIBRARY = "libc++";
				CLANG_ENABLE_MODULES = YES;
				CLANG_ENABLE_OBJC_ARC = YES;
				CLANG_ENABLE_OBJC_WEAK = YES;
				CLANG_WARN_BLOCK_CAPTURE_AUTORELEASING = YES;
				CLANG_WARN_BOOL_CONVERSION = YES;
				CLANG_WARN_COMMA = YES;
				CLANG_WARN_CONSTANT_CONVERSION = YES;
				CLANG_WARN_DEPRECATED_OBJC_IMPLEMENTATIONS = YES;
				CLANG_WARN_DIRECT_OBJC_ISA_USAGE = YES_ERROR;
				CLANG_WARN_DOCUMENTATION_COMMENTS = YES;
				CLANG_WARN_EMPTY_BODY = YES;
				CLANG_WARN_ENUM_CONVERSION = YES;
				CLANG_WARN_INFINITE_RECURSION = YES;
				CLANG_WARN_INT_CONVERSION = YES;
				CLANG_WARN_NON_LITERAL_NULL_CONVERSION = YES;
				CLANG_WARN_OBJC_IMPLICIT_RETAIN_SELF = YES;
				CLANG_WARN_OBJC_LITERAL_CONVERSION = YES;
				CLANG_WARN_OBJC_ROOT_CLASS = YES_ERROR;
				CLANG_WARN_RANGE_LOOP_ANALYSIS = YES;
				CLANG_WARN_STRICT_PROTOTYPES = YES;
				CLANG_WARN_SUSPICIOUS_MOVE = YES;
				CLANG_WARN_UNGUARDED_AVAILABILITY = YES_AGGRESSIVE;
				CLANG_WARN_UNREACHABLE_CODE = YES;
				CLANG_WARN__DUPLICATE_METHOD_MATCH = YES;
				CODE_SIGN_IDENTITY = "iPhone Developer";
				COPY_PHASE_STRIP = NO;
				DEBUG_INFORMATION_FORMAT = dwarf;
				ENABLE_STRICT_OBJC_MSGSEND = YES;
				ENABLE_TESTABILITY = YES;
				GCC_C_LANGUAGE_STANDARD = gnu11;
				GCC_DYNAMIC_NO_PIC = NO;
				GCC_NO_COMMON_BLOCKS = YES;
				GCC_OPTIMIZATION_LEVEL = 0;
				GCC_PREPROCESSOR_DEFINITIONS = (
					"DEBUG=1",
					"$(inherited)",
				);
				GCC_WARN_64_TO_32_BIT_CONVERSION = YES;
				GCC_WARN_ABOUT_RETURN_TYPE = YES_ERROR;
				GCC_WARN_UNDECLARED_SELECTOR = YES;
				GCC_WARN_UNINITIALIZED_AUTOS = YES_AGGRESSIVE;
				GCC_WARN_UNUSED_FUNCTION = YES;
				GCC_WARN_UNUSED_VARIABLE = YES;
				IPHONEOS_DEPLOYMENT_TARGET = 12.2;
				MTL_ENABLE_DEBUG_INFO = INCLUDE_SOURCE;
				MTL_FAST_MATH = YES;
				ONLY_ACTIVE_ARCH = YES;
				SDKROOT = iphoneos;
				SWIFT_ACTIVE_COMPILATION_CONDITIONS = DEBUG;
				SWIFT_OPTIMIZATION_LEVEL = "-Onone";
			};
			name = Debug;
		};
		A15D4B9C225F7C4B00911CCB /* Release */ = {
			isa = XCBuildConfiguration;
			buildSettings = {
				ALWAYS_SEARCH_USER_PATHS = NO;
				CLANG_ANALYZER_NONNULL = YES;
				CLANG_ANALYZER_NUMBER_OBJECT_CONVERSION = YES_AGGRESSIVE;
				CLANG_CXX_LANGUAGE_STANDARD = "gnu++14";
				CLANG_CXX_LIBRARY = "libc++";
				CLANG_ENABLE_MODULES = YES;
				CLANG_ENABLE_OBJC_ARC = YES;
				CLANG_ENABLE_OBJC_WEAK = YES;
				CLANG_WARN_BLOCK_CAPTURE_AUTORELEASING = YES;
				CLANG_WARN_BOOL_CONVERSION = YES;
				CLANG_WARN_COMMA = YES;
				CLANG_WARN_CONSTANT_CONVERSION = YES;
				CLANG_WARN_DEPRECATED_OBJC_IMPLEMENTATIONS = YES;
				CLANG_WARN_DIRECT_OBJC_ISA_USAGE = YES_ERROR;
				CLANG_WARN_DOCUMENTATION_COMMENTS = YES;
				CLANG_WARN_EMPTY_BODY = YES;
				CLANG_WARN_ENUM_CONVERSION = YES;
				CLANG_WARN_INFINITE_RECURSION = YES;
				CLANG_WARN_INT_CONVERSION = YES;
				CLANG_WARN_NON_LITERAL_NULL_CONVERSION = YES;
				CLANG_WARN_OBJC_IMPLICIT_RETAIN_SELF = YES;
				CLANG_WARN_OBJC_LITERAL_CONVERSION = YES;
				CLANG_WARN_OBJC_ROOT_CLASS = YES_ERROR;
				CLANG_WARN_RANGE_LOOP_ANALYSIS = YES;
				CLANG_WARN_STRICT_PROTOTYPES = YES;
				CLANG_WARN_SUSPICIOUS_MOVE = YES;
				CLANG_WARN_UNGUARDED_AVAILABILITY = YES_AGGRESSIVE;
				CLANG_WARN_UNREACHABLE_CODE = YES;
				CLANG_WARN__DUPLICATE_METHOD_MATCH = YES;
				CODE_SIGN_IDENTITY = "iPhone Developer";
				COPY_PHASE_STRIP = NO;
				DEBUG_INFORMATION_FORMAT = "dwarf-with-dsym";
				ENABLE_NS_ASSERTIONS = NO;
				ENABLE_STRICT_OBJC_MSGSEND = YES;
				GCC_C_LANGUAGE_STANDARD = gnu11;
				GCC_NO_COMMON_BLOCKS = YES;
				GCC_WARN_64_TO_32_BIT_CONVERSION = YES;
				GCC_WARN_ABOUT_RETURN_TYPE = YES_ERROR;
				GCC_WARN_UNDECLARED_SELECTOR = YES;
				GCC_WARN_UNINITIALIZED_AUTOS = YES_AGGRESSIVE;
				GCC_WARN_UNUSED_FUNCTION = YES;
				GCC_WARN_UNUSED_VARIABLE = YES;
				IPHONEOS_DEPLOYMENT_TARGET = 12.2;
				MTL_ENABLE_DEBUG_INFO = NO;
				MTL_FAST_MATH = YES;
				SDKROOT = iphoneos;
				SWIFT_COMPILATION_MODE = wholemodule;
				SWIFT_OPTIMIZATION_LEVEL = "-O";
				VALIDATE_PRODUCT = YES;
			};
			name = Release;
		};
		A15D4B9E225F7C4B00911CCB /* Debug */ = {
			isa = XCBuildConfiguration;
			baseConfigurationReference = 9FFDA167A357E0A4E0B28659 /* Pods-TinderClone.debug.xcconfig */;
			buildSettings = {
				ASSETCATALOG_COMPILER_APPICON_NAME = AppIcon;
				CODE_SIGN_STYLE = Automatic;
				DEVELOPMENT_TEAM = J23784DB3R;
				INFOPLIST_FILE = TinderClone/Info.plist;
				LD_RUNPATH_SEARCH_PATHS = (
					"$(inherited)",
					"@executable_path/Frameworks",
				);
				PRODUCT_BUNDLE_IDENTIFIER = com.youss.TinderClone;
				PRODUCT_NAME = "$(TARGET_NAME)";
				SWIFT_VERSION = 5.0;
				TARGETED_DEVICE_FAMILY = "1,2";
			};
			name = Debug;
		};
		A15D4B9F225F7C4B00911CCB /* Release */ = {
			isa = XCBuildConfiguration;
			baseConfigurationReference = BCC15DDEA777BABDF9326C96 /* Pods-TinderClone.release.xcconfig */;
			buildSettings = {
				ASSETCATALOG_COMPILER_APPICON_NAME = AppIcon;
				CODE_SIGN_STYLE = Automatic;
				DEVELOPMENT_TEAM = J23784DB3R;
				INFOPLIST_FILE = TinderClone/Info.plist;
				LD_RUNPATH_SEARCH_PATHS = (
					"$(inherited)",
					"@executable_path/Frameworks",
				);
				PRODUCT_BUNDLE_IDENTIFIER = com.youss.TinderClone;
				PRODUCT_NAME = "$(TARGET_NAME)";
				SWIFT_VERSION = 5.0;
				TARGETED_DEVICE_FAMILY = "1,2";
			};
			name = Release;
		};
/* End XCBuildConfiguration section */

/* Begin XCConfigurationList section */
		A15D4B86225F7C4A00911CCB /* Build configuration list for PBXProject "TinderClone" */ = {
			isa = XCConfigurationList;
			buildConfigurations = (
				A15D4B9B225F7C4B00911CCB /* Debug */,
				A15D4B9C225F7C4B00911CCB /* Release */,
			);
			defaultConfigurationIsVisible = 0;
			defaultConfigurationName = Release;
		};
		A15D4B9D225F7C4B00911CCB /* Build configuration list for PBXNativeTarget "TinderClone" */ = {
			isa = XCConfigurationList;
			buildConfigurations = (
				A15D4B9E225F7C4B00911CCB /* Debug */,
				A15D4B9F225F7C4B00911CCB /* Release */,
			);
			defaultConfigurationIsVisible = 0;
			defaultConfigurationName = Release;
		};
/* End XCConfigurationList section */
	};
	rootObject = A15D4B83225F7C4A00911CCB /* Project object */;
}
